
Microsoft Visual Studio Solution File, Format Version 12.00
# Visual Studio Version 16
VisualStudioVersion = 16.0.810.20
MinimumVisualStudioVersion = 10.0.40219.1
Project("{FAE04EC0-301F-11D3-BF4B-00C04F79EFBC}") = "TempleTourProject", "TempleTourProject.csproj", "{9E9ED4AC-6051-4325-A604-C224DD8CFF3B}"
EndProject
Global
	GlobalSection(SolutionConfigurationPlatforms) = preSolution
		Debug|Any CPU = Debug|Any CPU
		Release|Any CPU = Release|Any CPU
	EndGlobalSection
	GlobalSection(ProjectConfigurationPlatforms) = postSolution
		{9E9ED4AC-6051-4325-A604-C224DD8CFF3B}.Debug|Any CPU.ActiveCfg = Debug|Any CPU
		{9E9ED4AC-6051-4325-A604-C224DD8CFF3B}.Debug|Any CPU.Build.0 = Debug|Any CPU
		{9E9ED4AC-6051-4325-A604-C224DD8CFF3B}.Release|Any CPU.ActiveCfg = Release|Any CPU
		{9E9ED4AC-6051-4325-A604-C224DD8CFF3B}.Release|Any CPU.Build.0 = Release|Any CPU
	EndGlobalSection
	GlobalSection(SolutionProperties) = preSolution
		HideSolutionNode = FALSE
	EndGlobalSection
	GlobalSection(ExtensibilityGlobals) = postSolution
		SolutionGuid = {DB1F1249-48B4-445F-A661-0438FBD22768}
	EndGlobalSection
EndGlobal
